// !$*UTF8*$!
{
	archiveVersion = 1;
	classes = {
	};
	objectVersion = 50;
	objects = {

/* Begin PBXBuildFile section */
		6F8106AA2271C4F800AB9B01 /* ControllerUtils.swift in Sources */ = {isa = PBXBuildFile; fileRef = 6F8106A92271C4F800AB9B01 /* ControllerUtils.swift */; };
		6F8106AE2289958100AB9B01 /* FileExtension.swift in Sources */ = {isa = PBXBuildFile; fileRef = 6F8106AC2289958100AB9B01 /* FileExtension.swift */; };
		6F8106D022957E8C00AB9B01 /* ScreenUtils.swift in Sources */ = {isa = PBXBuildFile; fileRef = 6F8106CF22957E8C00AB9B01 /* ScreenUtils.swift */; };
		6F8106D22295810B00AB9B01 /* CoordinateUtils.swift in Sources */ = {isa = PBXBuildFile; fileRef = 6F8106D12295810B00AB9B01 /* CoordinateUtils.swift */; };
		6F8106D4229581E500AB9B01 /* CornerImageView.swift in Sources */ = {isa = PBXBuildFile; fileRef = 6F8106D3229581E500AB9B01 /* CornerImageView.swift */; };
		6F8106D62295828C00AB9B01 /* LoggerUtils.swift in Sources */ = {isa = PBXBuildFile; fileRef = 6F8106D52295828C00AB9B01 /* LoggerUtils.swift */; };
		6F8106DA2295889700AB9B01 /* TimerUtils.swift in Sources */ = {isa = PBXBuildFile; fileRef = 6F8106D92295889700AB9B01 /* TimerUtils.swift */; };
		6FB62EF8225E05D80047ACC3 /* GCDUtils.swift in Sources */ = {isa = PBXBuildFile; fileRef = 6FB62EF7225E05D80047ACC3 /* GCDUtils.swift */; };
		F71AB7EC21EC5BEC002E65B1 /* CollectionUtils.swift in Sources */ = {isa = PBXBuildFile; fileRef = F71AB7EB21EC5BEC002E65B1 /* CollectionUtils.swift */; };
		F71AB7EE21EC5F3E002E65B1 /* CharacterUtils.swift in Sources */ = {isa = PBXBuildFile; fileRef = F71AB7ED21EC5F3E002E65B1 /* CharacterUtils.swift */; };
		F71AB7F621EC6658002E65B1 /* NameSpace.swift in Sources */ = {isa = PBXBuildFile; fileRef = F71AB7F521EC6658002E65B1 /* NameSpace.swift */; };
		F7313D0C2238B99500B7D174 /* ColorUtils.swift in Sources */ = {isa = PBXBuildFile; fileRef = F7313D0B2238B99500B7D174 /* ColorUtils.swift */; };
		F7313D742239EEC300B7D174 /* NavigationUtils.swift in Sources */ = {isa = PBXBuildFile; fileRef = F7313D732239EEC300B7D174 /* NavigationUtils.swift */; };
		F73B4D2221D4BAB40027EE7D /* data.json in Resources */ = {isa = PBXBuildFile; fileRef = F73B4D2121D4BAB40027EE7D /* data.json */; };
		F73B4D2421D4BC6F0027EE7D /* Model.swift in Sources */ = {isa = PBXBuildFile; fileRef = F73B4D2321D4BC6F0027EE7D /* Model.swift */; };
		F772720B223F2F0A00BF354A /* PhotosUtils.swift in Sources */ = {isa = PBXBuildFile; fileRef = F772720A223F2F0A00BF354A /* PhotosUtils.swift */; };
		F78633FF2252FE6000CCB8F0 /* DeviceUtils.swift in Sources */ = {isa = PBXBuildFile; fileRef = F78633FE2252FE6000CCB8F0 /* DeviceUtils.swift */; };
		F7925BBC225B101400358E64 /* NIOModel.swift in Sources */ = {isa = PBXBuildFile; fileRef = F7925BBB225B101400358E64 /* NIOModel.swift */; };
		F793FA84225C623C00696D87 /* ListUtils.swift in Sources */ = {isa = PBXBuildFile; fileRef = F793FA83225C623C00696D87 /* ListUtils.swift */; };
		F7A4A5CD21E713D30015A320 /* ImageUtils.swift in Sources */ = {isa = PBXBuildFile; fileRef = F7A4A5CC21E713D30015A320 /* ImageUtils.swift */; };
		F7A7E95C225CADBE00CC67B0 /* ButtonUtils.swift in Sources */ = {isa = PBXBuildFile; fileRef = F7A7E95B225CADBE00CC67B0 /* ButtonUtils.swift */; };
		F7A945A621D226F900DAD5C6 /* AppDelegate.swift in Sources */ = {isa = PBXBuildFile; fileRef = F7A945A521D226F900DAD5C6 /* AppDelegate.swift */; };
		F7A945A821D226F900DAD5C6 /* ViewController.swift in Sources */ = {isa = PBXBuildFile; fileRef = F7A945A721D226F900DAD5C6 /* ViewController.swift */; };
		F7A945AD21D226FA00DAD5C6 /* Assets.xcassets in Resources */ = {isa = PBXBuildFile; fileRef = F7A945AC21D226FA00DAD5C6 /* Assets.xcassets */; };
		F7A945B021D226FA00DAD5C6 /* LaunchScreen.storyboard in Resources */ = {isa = PBXBuildFile; fileRef = F7A945AE21D226FA00DAD5C6 /* LaunchScreen.storyboard */; };
		F7BFFC9421F1BAA200062767 /* FDBaseNavigationController.swift in Sources */ = {isa = PBXBuildFile; fileRef = F7BFFC9321F1BAA200062767 /* FDBaseNavigationController.swift */; };
		F7C466362297A0CB0014B6B1 /* GenericsUtils.swift in Sources */ = {isa = PBXBuildFile; fileRef = F7C466352297A0CB0014B6B1 /* GenericsUtils.swift */; };
		F7D0022A2295436A00807CBC /* MulticastDelegate.swift in Sources */ = {isa = PBXBuildFile; fileRef = F7D002292295436A00807CBC /* MulticastDelegate.swift */; };
		F7D5C8AF228A4EFE00AFE245 /* StringExtension.swift in Sources */ = {isa = PBXBuildFile; fileRef = F7D5C8AE228A4EFE00AFE245 /* StringExtension.swift */; };
		F7D5C8B1228A540E00AFE245 /* OptionalUtils.swift in Sources */ = {isa = PBXBuildFile; fileRef = F7D5C8B0228A540E00AFE245 /* OptionalUtils.swift */; };
		F7D5C8B3228A545600AFE245 /* DataUtils.swift in Sources */ = {isa = PBXBuildFile; fileRef = F7D5C8B2228A545600AFE245 /* DataUtils.swift */; };
		F7D5C8F3228D275100AFE245 /* CalendarUtils.swift in Sources */ = {isa = PBXBuildFile; fileRef = F7D5C8F2228D275100AFE245 /* CalendarUtils.swift */; };
		F7E76D4521D3230C00805D33 /* AOPUtils.swift in Sources */ = {isa = PBXBuildFile; fileRef = F7E76D4421D3230C00805D33 /* AOPUtils.swift */; };
/* End PBXBuildFile section */

/* Begin PBXFileReference section */
		6F8106A92271C4F800AB9B01 /* ControllerUtils.swift */ = {isa = PBXFileReference; lastKnownFileType = sourcecode.swift; path = ControllerUtils.swift; sourceTree = "<group>"; };
		6F8106AC2289958100AB9B01 /* FileExtension.swift */ = {isa = PBXFileReference; fileEncoding = 4; lastKnownFileType = sourcecode.swift; path = FileExtension.swift; sourceTree = "<group>"; };
		6F8106CF22957E8C00AB9B01 /* ScreenUtils.swift */ = {isa = PBXFileReference; fileEncoding = 4; lastKnownFileType = sourcecode.swift; path = ScreenUtils.swift; sourceTree = "<group>"; };
		6F8106D12295810B00AB9B01 /* CoordinateUtils.swift */ = {isa = PBXFileReference; fileEncoding = 4; lastKnownFileType = sourcecode.swift; path = CoordinateUtils.swift; sourceTree = "<group>"; };
		6F8106D3229581E500AB9B01 /* CornerImageView.swift */ = {isa = PBXFileReference; fileEncoding = 4; lastKnownFileType = sourcecode.swift; path = CornerImageView.swift; sourceTree = "<group>"; };
		6F8106D52295828C00AB9B01 /* LoggerUtils.swift */ = {isa = PBXFileReference; fileEncoding = 4; lastKnownFileType = sourcecode.swift; path = LoggerUtils.swift; sourceTree = "<group>"; };
		6F8106D92295889700AB9B01 /* TimerUtils.swift */ = {isa = PBXFileReference; fileEncoding = 4; lastKnownFileType = sourcecode.swift; path = TimerUtils.swift; sourceTree = "<group>"; };
		6FB62EF7225E05D80047ACC3 /* GCDUtils.swift */ = {isa = PBXFileReference; fileEncoding = 4; lastKnownFileType = sourcecode.swift; path = GCDUtils.swift; sourceTree = "<group>"; };
		F71AB7EB21EC5BEC002E65B1 /* CollectionUtils.swift */ = {isa = PBXFileReference; lastKnownFileType = sourcecode.swift; path = CollectionUtils.swift; sourceTree = "<group>"; };
		F71AB7ED21EC5F3E002E65B1 /* CharacterUtils.swift */ = {isa = PBXFileReference; lastKnownFileType = sourcecode.swift; path = CharacterUtils.swift; sourceTree = "<group>"; };
		F71AB7F521EC6658002E65B1 /* NameSpace.swift */ = {isa = PBXFileReference; lastKnownFileType = sourcecode.swift; path = NameSpace.swift; sourceTree = "<group>"; };
		F7313D0B2238B99500B7D174 /* ColorUtils.swift */ = {isa = PBXFileReference; lastKnownFileType = sourcecode.swift; path = ColorUtils.swift; sourceTree = "<group>"; };
		F7313D732239EEC300B7D174 /* NavigationUtils.swift */ = {isa = PBXFileReference; lastKnownFileType = sourcecode.swift; path = NavigationUtils.swift; sourceTree = "<group>"; };
		F73B4D2121D4BAB40027EE7D /* data.json */ = {isa = PBXFileReference; lastKnownFileType = text.json; path = data.json; sourceTree = "<group>"; };
		F73B4D2321D4BC6F0027EE7D /* Model.swift */ = {isa = PBXFileReference; lastKnownFileType = sourcecode.swift; path = Model.swift; sourceTree = "<group>"; };
		F772720A223F2F0A00BF354A /* PhotosUtils.swift */ = {isa = PBXFileReference; lastKnownFileType = sourcecode.swift; path = PhotosUtils.swift; sourceTree = "<group>"; };
		F78633FE2252FE6000CCB8F0 /* DeviceUtils.swift */ = {isa = PBXFileReference; lastKnownFileType = sourcecode.swift; path = DeviceUtils.swift; sourceTree = "<group>"; };
		F7925BBB225B101400358E64 /* NIOModel.swift */ = {isa = PBXFileReference; fileEncoding = 4; lastKnownFileType = sourcecode.swift; path = NIOModel.swift; sourceTree = "<group>"; };
		F793FA83225C623C00696D87 /* ListUtils.swift */ = {isa = PBXFileReference; lastKnownFileType = sourcecode.swift; path = ListUtils.swift; sourceTree = "<group>"; };
		F7A4A5CC21E713D30015A320 /* ImageUtils.swift */ = {isa = PBXFileReference; lastKnownFileType = sourcecode.swift; path = ImageUtils.swift; sourceTree = "<group>"; };
		F7A7E95B225CADBE00CC67B0 /* ButtonUtils.swift */ = {isa = PBXFileReference; fileEncoding = 4; lastKnownFileType = sourcecode.swift; path = ButtonUtils.swift; sourceTree = "<group>"; };
		F7A945A221D226F900DAD5C6 /* Swifter.app */ = {isa = PBXFileReference; explicitFileType = wrapper.application; includeInIndex = 0; path = Swifter.app; sourceTree = BUILT_PRODUCTS_DIR; };
		F7A945A521D226F900DAD5C6 /* AppDelegate.swift */ = {isa = PBXFileReference; lastKnownFileType = sourcecode.swift; path = AppDelegate.swift; sourceTree = "<group>"; };
		F7A945A721D226F900DAD5C6 /* ViewController.swift */ = {isa = PBXFileReference; lastKnownFileType = sourcecode.swift; path = ViewController.swift; sourceTree = "<group>"; };
		F7A945AC21D226FA00DAD5C6 /* Assets.xcassets */ = {isa = PBXFileReference; lastKnownFileType = folder.assetcatalog; path = Assets.xcassets; sourceTree = "<group>"; };
		F7A945AF21D226FA00DAD5C6 /* Base */ = {isa = PBXFileReference; lastKnownFileType = file.storyboard; name = Base; path = Base.lproj/LaunchScreen.storyboard; sourceTree = "<group>"; };
		F7A945B121D226FA00DAD5C6 /* Info.plist */ = {isa = PBXFileReference; lastKnownFileType = text.plist.xml; path = Info.plist; sourceTree = "<group>"; };
		F7BFFC9321F1BAA200062767 /* FDBaseNavigationController.swift */ = {isa = PBXFileReference; lastKnownFileType = sourcecode.swift; path = FDBaseNavigationController.swift; sourceTree = "<group>"; };
		F7C466352297A0CB0014B6B1 /* GenericsUtils.swift */ = {isa = PBXFileReference; lastKnownFileType = sourcecode.swift; path = GenericsUtils.swift; sourceTree = "<group>"; };
		F7D002292295436A00807CBC /* MulticastDelegate.swift */ = {isa = PBXFileReference; fileEncoding = 4; lastKnownFileType = sourcecode.swift; path = MulticastDelegate.swift; sourceTree = "<group>"; };
		F7D5C8AE228A4EFE00AFE245 /* StringExtension.swift */ = {isa = PBXFileReference; lastKnownFileType = sourcecode.swift; path = StringExtension.swift; sourceTree = "<group>"; };
		F7D5C8B0228A540E00AFE245 /* OptionalUtils.swift */ = {isa = PBXFileReference; fileEncoding = 4; lastKnownFileType = sourcecode.swift; path = OptionalUtils.swift; sourceTree = "<group>"; };
		F7D5C8B2228A545600AFE245 /* DataUtils.swift */ = {isa = PBXFileReference; fileEncoding = 4; lastKnownFileType = sourcecode.swift; path = DataUtils.swift; sourceTree = "<group>"; };
		F7D5C8F2228D275100AFE245 /* CalendarUtils.swift */ = {isa = PBXFileReference; fileEncoding = 4; lastKnownFileType = sourcecode.swift; path = CalendarUtils.swift; sourceTree = "<group>"; };
		F7E76D4421D3230C00805D33 /* AOPUtils.swift */ = {isa = PBXFileReference; lastKnownFileType = sourcecode.swift; path = AOPUtils.swift; sourceTree = "<group>"; };
/* End PBXFileReference section */

/* Begin PBXFrameworksBuildPhase section */
		F7A9459F21D226F900DAD5C6 /* Frameworks */ = {
			isa = PBXFrameworksBuildPhase;
			buildActionMask = 2147483647;
			files = (
			);
			runOnlyForDeploymentPostprocessing = 0;
		};
/* End PBXFrameworksBuildPhase section */

/* Begin PBXGroup section */
		F71AB7F121EC6318002E65B1 /* FunctionExtension */ = {
			isa = PBXGroup;
			children = (
				6F8106D92295889700AB9B01 /* TimerUtils.swift */,
				6F8106D52295828C00AB9B01 /* LoggerUtils.swift */,
				6F8106D3229581E500AB9B01 /* CornerImageView.swift */,
				6F8106D12295810B00AB9B01 /* CoordinateUtils.swift */,
				6F8106CF22957E8C00AB9B01 /* ScreenUtils.swift */,
				F7D5C8B2228A545600AFE245 /* DataUtils.swift */,
				6FB62EF7225E05D80047ACC3 /* GCDUtils.swift */,
				F7A7E95B225CADBE00CC67B0 /* ButtonUtils.swift */,
				F793FA83225C623C00696D87 /* ListUtils.swift */,
				F7925BBB225B101400358E64 /* NIOModel.swift */,
				F7A4A5CC21E713D30015A320 /* ImageUtils.swift */,
				F7E76D4421D3230C00805D33 /* AOPUtils.swift */,
				F7313D0B2238B99500B7D174 /* ColorUtils.swift */,
				F7D5C8B0228A540E00AFE245 /* OptionalUtils.swift */,
				F71AB7EB21EC5BEC002E65B1 /* CollectionUtils.swift */,
				F71AB7ED21EC5F3E002E65B1 /* CharacterUtils.swift */,
				F7313D732239EEC300B7D174 /* NavigationUtils.swift */,
				F772720A223F2F0A00BF354A /* PhotosUtils.swift */,
				F7D5C8F2228D275100AFE245 /* CalendarUtils.swift */,
				F78633FE2252FE6000CCB8F0 /* DeviceUtils.swift */,
				6F8106A92271C4F800AB9B01 /* ControllerUtils.swift */,
				F7C466352297A0CB0014B6B1 /* GenericsUtils.swift */,
			);
			path = FunctionExtension;
			sourceTree = "<group>";
		};
		F7A9459921D226F900DAD5C6 = {
			isa = PBXGroup;
			children = (
				F7A945A421D226F900DAD5C6 /* Swifter */,
				F7A945A321D226F900DAD5C6 /* Products */,
			);
			sourceTree = "<group>";
		};
		F7A945A321D226F900DAD5C6 /* Products */ = {
			isa = PBXGroup;
			children = (
				F7A945A221D226F900DAD5C6 /* Swifter.app */,
			);
			name = Products;
			sourceTree = "<group>";
		};
		F7A945A421D226F900DAD5C6 /* Swifter */ = {
			isa = PBXGroup;
			children = (
				F7A945A521D226F900DAD5C6 /* AppDelegate.swift */,
				F7A945A721D226F900DAD5C6 /* ViewController.swift */,
				F7BFFC9321F1BAA200062767 /* FDBaseNavigationController.swift */,
				F73B4D2321D4BC6F0027EE7D /* Model.swift */,
				F7D5C8CF228AADAE00AFE245 /* NameSpace */,
				F73B4D2121D4BAB40027EE7D /* data.json */,
				F71AB7F121EC6318002E65B1 /* FunctionExtension */,
				F7A945AC21D226FA00DAD5C6 /* Assets.xcassets */,
				F7A945AE21D226FA00DAD5C6 /* LaunchScreen.storyboard */,
				F7A945B121D226FA00DAD5C6 /* Info.plist */,
			);
			path = Swifter;
			sourceTree = "<group>";
		};
		F7D5C8CF228AADAE00AFE245 /* NameSpace */ = {
			isa = PBXGroup;
			children = (
				F71AB7F521EC6658002E65B1 /* NameSpace.swift */,
				6F8106AC2289958100AB9B01 /* FileExtension.swift */,
				F7D5C8AE228A4EFE00AFE245 /* StringExtension.swift */,
				F7D002292295436A00807CBC /* MulticastDelegate.swift */,
			);
			path = NameSpace;
			sourceTree = "<group>";
		};
/* End PBXGroup section */

/* Begin PBXNativeTarget section */
		F7A945A121D226F900DAD5C6 /* Swifter */ = {
			isa = PBXNativeTarget;
			buildConfigurationList = F7A945B421D226FA00DAD5C6 /* Build configuration list for PBXNativeTarget "Swifter" */;
			buildPhases = (
				F7A9459E21D226F900DAD5C6 /* Sources */,
				F7A9459F21D226F900DAD5C6 /* Frameworks */,
				F7A945A021D226F900DAD5C6 /* Resources */,
				F7313D752239F6B200B7D174 /* ShellScript */,
			);
			buildRules = (
			);
			dependencies = (
			);
			name = Swifter;
			productName = Swifter;
			productReference = F7A945A221D226F900DAD5C6 /* Swifter.app */;
			productType = "com.apple.product-type.application";
		};
/* End PBXNativeTarget section */

/* Begin PBXProject section */
		F7A9459A21D226F900DAD5C6 /* Project object */ = {
			isa = PBXProject;
			attributes = {
				LastSwiftUpdateCheck = 1010;
				LastUpgradeCheck = 1010;
				ORGANIZATIONNAME = "Chunyang Li 李春阳";
				TargetAttributes = {
					F7A945A121D226F900DAD5C6 = {
						CreatedOnToolsVersion = 10.1;
						LastSwiftMigration = 1020;
					};
				};
			};
			buildConfigurationList = F7A9459D21D226F900DAD5C6 /* Build configuration list for PBXProject "Swifter" */;
			compatibilityVersion = "Xcode 9.3";
			developmentRegion = en;
			hasScannedForEncodings = 0;
			knownRegions = (
				en,
				Base,
			);
			mainGroup = F7A9459921D226F900DAD5C6;
			productRefGroup = F7A945A321D226F900DAD5C6 /* Products */;
			projectDirPath = "";
			projectRoot = "";
			targets = (
				F7A945A121D226F900DAD5C6 /* Swifter */,
			);
		};
/* End PBXProject section */

/* Begin PBXResourcesBuildPhase section */
		F7A945A021D226F900DAD5C6 /* Resources */ = {
			isa = PBXResourcesBuildPhase;
			buildActionMask = 2147483647;
			files = (
				F7A945B021D226FA00DAD5C6 /* LaunchScreen.storyboard in Resources */,
				F7A945AD21D226FA00DAD5C6 /* Assets.xcassets in Resources */,
				F73B4D2221D4BAB40027EE7D /* data.json in Resources */,
			);
			runOnlyForDeploymentPostprocessing = 0;
		};
/* End PBXResourcesBuildPhase section */

/* Begin PBXShellScriptBuildPhase section */
		F7313D752239F6B200B7D174 /* ShellScript */ = {
			isa = PBXShellScriptBuildPhase;
			buildActionMask = 2147483647;
			files = (
			);
			inputFileListPaths = (
			);
			inputPaths = (
			);
			outputFileListPaths = (
			);
			outputPaths = (
			);
			runOnlyForDeploymentPostprocessing = 0;
			shellPath = /bin/sh;
			shellScript = "TAGS=\"TODO:|FIXME:\"\necho \"searching ${SRCROOT} for ${TAGS}\"\nfind \"${SRCROOT}\" \\( -name \"*.swift\" \\) -print0 | xargs -0 egrep --with-filename --line-number --only-matching \"($TAGS).*\\$\" | perl -p -e \"s/($TAGS)/ warning: \\$1/\"\n";
		};
/* End PBXShellScriptBuildPhase section */

/* Begin PBXSourcesBuildPhase section */
		F7A9459E21D226F900DAD5C6 /* Sources */ = {
			isa = PBXSourcesBuildPhase;
			buildActionMask = 2147483647;
			files = (
				F78633FF2252FE6000CCB8F0 /* DeviceUtils.swift in Sources */,
				F7A7E95C225CADBE00CC67B0 /* ButtonUtils.swift in Sources */,
				F7313D0C2238B99500B7D174 /* ColorUtils.swift in Sources */,
				F7C466362297A0CB0014B6B1 /* GenericsUtils.swift in Sources */,
				F73B4D2421D4BC6F0027EE7D /* Model.swift in Sources */,
				F7E76D4521D3230C00805D33 /* AOPUtils.swift in Sources */,
				6F8106AE2289958100AB9B01 /* FileExtension.swift in Sources */,
				F793FA84225C623C00696D87 /* ListUtils.swift in Sources */,
				F7A945A821D226F900DAD5C6 /* ViewController.swift in Sources */,
				F71AB7EE21EC5F3E002E65B1 /* CharacterUtils.swift in Sources */,
				6F8106D22295810B00AB9B01 /* CoordinateUtils.swift in Sources */,
				F7A945A621D226F900DAD5C6 /* AppDelegate.swift in Sources */,
				6F8106D62295828C00AB9B01 /* LoggerUtils.swift in Sources */,
				F7D5C8B1228A540E00AFE245 /* OptionalUtils.swift in Sources */,
				F7D0022A2295436A00807CBC /* MulticastDelegate.swift in Sources */,
				F7313D742239EEC300B7D174 /* NavigationUtils.swift in Sources */,
				6F8106DA2295889700AB9B01 /* TimerUtils.swift in Sources */,
				F71AB7EC21EC5BEC002E65B1 /* CollectionUtils.swift in Sources */,
				6FB62EF8225E05D80047ACC3 /* GCDUtils.swift in Sources */,
				F772720B223F2F0A00BF354A /* PhotosUtils.swift in Sources */,
				F7925BBC225B101400358E64 /* NIOModel.swift in Sources */,
				F71AB7F621EC6658002E65B1 /* NameSpace.swift in Sources */,
				F7D5C8B3228A545600AFE245 /* DataUtils.swift in Sources */,
				F7D5C8AF228A4EFE00AFE245 /* StringExtension.swift in Sources */,
				6F8106AA2271C4F800AB9B01 /* ControllerUtils.swift in Sources */,
				F7A4A5CD21E713D30015A320 /* ImageUtils.swift in Sources */,
				6F8106D022957E8C00AB9B01 /* ScreenUtils.swift in Sources */,
				F7D5C8F3228D275100AFE245 /* CalendarUtils.swift in Sources */,
				F7BFFC9421F1BAA200062767 /* FDBaseNavigationController.swift in Sources */,
				6F8106D4229581E500AB9B01 /* CornerImageView.swift in Sources */,
			);
			runOnlyForDeploymentPostprocessing = 0;
		};
/* End PBXSourcesBuildPhase section */

/* Begin PBXVariantGroup section */
		F7A945AE21D226FA00DAD5C6 /* LaunchScreen.storyboard */ = {
			isa = PBXVariantGroup;
			children = (
				F7A945AF21D226FA00DAD5C6 /* Base */,
			);
			name = LaunchScreen.storyboard;
			sourceTree = "<group>";
		};
/* End PBXVariantGroup section */

/* Begin XCBuildConfiguration section */
		F7A945B221D226FA00DAD5C6 /* Debug */ = {
			isa = XCBuildConfiguration;
			buildSettings = {
				ALWAYS_SEARCH_USER_PATHS = NO;
				CLANG_ANALYZER_NONNULL = YES;
				CLANG_ANALYZER_NUMBER_OBJECT_CONVERSION = YES_AGGRESSIVE;
				CLANG_CXX_LANGUAGE_STANDARD = "gnu++14";
				CLANG_CXX_LIBRARY = "libc++";
				CLANG_ENABLE_MODULES = YES;
				CLANG_ENABLE_OBJC_ARC = YES;
				CLANG_ENABLE_OBJC_WEAK = YES;
				CLANG_WARN_BLOCK_CAPTURE_AUTORELEASING = YES;
				CLANG_WARN_BOOL_CONVERSION = YES;
				CLANG_WARN_COMMA = YES;
				CLANG_WARN_CONSTANT_CONVERSION = YES;
				CLANG_WARN_DEPRECATED_OBJC_IMPLEMENTATIONS = YES;
				CLANG_WARN_DIRECT_OBJC_ISA_USAGE = YES_ERROR;
				CLANG_WARN_DOCUMENTATION_COMMENTS = YES;
				CLANG_WARN_EMPTY_BODY = YES;
				CLANG_WARN_ENUM_CONVERSION = YES;
				CLANG_WARN_INFINITE_RECURSION = YES;
				CLANG_WARN_INT_CONVERSION = YES;
				CLANG_WARN_NON_LITERAL_NULL_CONVERSION = YES;
				CLANG_WARN_OBJC_IMPLICIT_RETAIN_SELF = YES;
				CLANG_WARN_OBJC_LITERAL_CONVERSION = YES;
				CLANG_WARN_OBJC_ROOT_CLASS = YES_ERROR;
				CLANG_WARN_RANGE_LOOP_ANALYSIS = YES;
				CLANG_WARN_STRICT_PROTOTYPES = YES;
				CLANG_WARN_SUSPICIOUS_MOVE = YES;
				CLANG_WARN_UNGUARDED_AVAILABILITY = YES_AGGRESSIVE;
				CLANG_WARN_UNREACHABLE_CODE = YES;
				CLANG_WARN__DUPLICATE_METHOD_MATCH = YES;
				CODE_SIGN_IDENTITY = "iPhone Developer";
				COPY_PHASE_STRIP = NO;
				DEBUG_INFORMATION_FORMAT = dwarf;
				ENABLE_STRICT_OBJC_MSGSEND = YES;
				ENABLE_TESTABILITY = YES;
				GCC_C_LANGUAGE_STANDARD = gnu11;
				GCC_DYNAMIC_NO_PIC = NO;
				GCC_NO_COMMON_BLOCKS = YES;
				GCC_OPTIMIZATION_LEVEL = 0;
				GCC_PREPROCESSOR_DEFINITIONS = (
					"DEBUG=1",
					"$(inherited)",
				);
				GCC_WARN_64_TO_32_BIT_CONVERSION = YES;
				GCC_WARN_ABOUT_RETURN_TYPE = YES_ERROR;
				GCC_WARN_UNDECLARED_SELECTOR = YES;
				GCC_WARN_UNINITIALIZED_AUTOS = YES_AGGRESSIVE;
				GCC_WARN_UNUSED_FUNCTION = YES;
				GCC_WARN_UNUSED_VARIABLE = YES;
				IPHONEOS_DEPLOYMENT_TARGET = 12.1;
				MTL_ENABLE_DEBUG_INFO = INCLUDE_SOURCE;
				MTL_FAST_MATH = YES;
				ONLY_ACTIVE_ARCH = YES;
				SDKROOT = iphoneos;
				SWIFT_ACTIVE_COMPILATION_CONDITIONS = DEBUG;
				SWIFT_OPTIMIZATION_LEVEL = "-Onone";
			};
			name = Debug;
		};
		F7A945B321D226FA00DAD5C6 /* Release */ = {
			isa = XCBuildConfiguration;
			buildSettings = {
				ALWAYS_SEARCH_USER_PATHS = NO;
				CLANG_ANALYZER_NONNULL = YES;
				CLANG_ANALYZER_NUMBER_OBJECT_CONVERSION = YES_AGGRESSIVE;
				CLANG_CXX_LANGUAGE_STANDARD = "gnu++14";
				CLANG_CXX_LIBRARY = "libc++";
				CLANG_ENABLE_MODULES = YES;
				CLANG_ENABLE_OBJC_ARC = YES;
				CLANG_ENABLE_OBJC_WEAK = YES;
				CLANG_WARN_BLOCK_CAPTURE_AUTORELEASING = YES;
				CLANG_WARN_BOOL_CONVERSION = YES;
				CLANG_WARN_COMMA = YES;
				CLANG_WARN_CONSTANT_CONVERSION = YES;
				CLANG_WARN_DEPRECATED_OBJC_IMPLEMENTATIONS = YES;
				CLANG_WARN_DIRECT_OBJC_ISA_USAGE = YES_ERROR;
				CLANG_WARN_DOCUMENTATION_COMMENTS = YES;
				CLANG_WARN_EMPTY_BODY = YES;
				CLANG_WARN_ENUM_CONVERSION = YES;
				CLANG_WARN_INFINITE_RECURSION = YES;
				CLANG_WARN_INT_CONVERSION = YES;
				CLANG_WARN_NON_LITERAL_NULL_CONVERSION = YES;
				CLANG_WARN_OBJC_IMPLICIT_RETAIN_SELF = YES;
				CLANG_WARN_OBJC_LITERAL_CONVERSION = YES;
				CLANG_WARN_OBJC_ROOT_CLASS = YES_ERROR;
				CLANG_WARN_RANGE_LOOP_ANALYSIS = YES;
				CLANG_WARN_STRICT_PROTOTYPES = YES;
				CLANG_WARN_SUSPICIOUS_MOVE = YES;
				CLANG_WARN_UNGUARDED_AVAILABILITY = YES_AGGRESSIVE;
				CLANG_WARN_UNREACHABLE_CODE = YES;
				CLANG_WARN__DUPLICATE_METHOD_MATCH = YES;
				CODE_SIGN_IDENTITY = "iPhone Developer";
				COPY_PHASE_STRIP = NO;
				DEBUG_INFORMATION_FORMAT = "dwarf-with-dsym";
				ENABLE_NS_ASSERTIONS = NO;
				ENABLE_STRICT_OBJC_MSGSEND = YES;
				GCC_C_LANGUAGE_STANDARD = gnu11;
				GCC_NO_COMMON_BLOCKS = YES;
				GCC_WARN_64_TO_32_BIT_CONVERSION = YES;
				GCC_WARN_ABOUT_RETURN_TYPE = YES_ERROR;
				GCC_WARN_UNDECLARED_SELECTOR = YES;
				GCC_WARN_UNINITIALIZED_AUTOS = YES_AGGRESSIVE;
				GCC_WARN_UNUSED_FUNCTION = YES;
				GCC_WARN_UNUSED_VARIABLE = YES;
				IPHONEOS_DEPLOYMENT_TARGET = 12.1;
				MTL_ENABLE_DEBUG_INFO = NO;
				MTL_FAST_MATH = YES;
				SDKROOT = iphoneos;
				SWIFT_COMPILATION_MODE = wholemodule;
				SWIFT_OPTIMIZATION_LEVEL = "-O";
				VALIDATE_PRODUCT = YES;
			};
			name = Release;
		};
		F7A945B521D226FA00DAD5C6 /* Debug */ = {
			isa = XCBuildConfiguration;
			buildSettings = {
				ASSETCATALOG_COMPILER_APPICON_NAME = AppIcon;
				CODE_SIGN_STYLE = Automatic;
				INFOPLIST_FILE = Swifter/Info.plist;
				LD_RUNPATH_SEARCH_PATHS = (
					"$(inherited)",
					"@executable_path/Frameworks",
				);
				PRODUCT_BUNDLE_IDENTIFIER = com.nio.Swifter;
				PRODUCT_NAME = "$(TARGET_NAME)";
				SWIFT_VERSION = 5.0;
				TARGETED_DEVICE_FAMILY = "1,2";
			};
			name = Debug;
		};
		F7A945B621D226FA00DAD5C6 /* Release */ = {
			isa = XCBuildConfiguration;
			buildSettings = {
				ASSETCATALOG_COMPILER_APPICON_NAME = AppIcon;
				CODE_SIGN_STYLE = Automatic;
				INFOPLIST_FILE = Swifter/Info.plist;
				LD_RUNPATH_SEARCH_PATHS = (
					"$(inherited)",
					"@executable_path/Frameworks",
				);
				PRODUCT_BUNDLE_IDENTIFIER = com.nio.Swifter;
				PRODUCT_NAME = "$(TARGET_NAME)";
				SWIFT_VERSION = 5.0;
				TARGETED_DEVICE_FAMILY = "1,2";
			};
			name = Release;
		};
/* End XCBuildConfiguration section */

/* Begin XCConfigurationList section */
		F7A9459D21D226F900DAD5C6 /* Build configuration list for PBXProject "Swifter" */ = {
			isa = XCConfigurationList;
			buildConfigurations = (
				F7A945B221D226FA00DAD5C6 /* Debug */,
				F7A945B321D226FA00DAD5C6 /* Release */,
			);
			defaultConfigurationIsVisible = 0;
			defaultConfigurationName = Release;
		};
		F7A945B421D226FA00DAD5C6 /* Build configuration list for PBXNativeTarget "Swifter" */ = {
			isa = XCConfigurationList;
			buildConfigurations = (
				F7A945B521D226FA00DAD5C6 /* Debug */,
				F7A945B621D226FA00DAD5C6 /* Release */,
			);
			defaultConfigurationIsVisible = 0;
			defaultConfigurationName = Release;
		};
/* End XCConfigurationList section */
	};
	rootObject = F7A9459A21D226F900DAD5C6 /* Project object */;
}
